
Microsoft Visual Studio Solution File, Format Version 12.00
# Visual Studio Version 17
VisualStudioVersion = 17.3.32811.315
MinimumVisualStudioVersion = 10.0.40219.1
Project("{9A19103F-16F7-4668-BE54-9A1E7A4F7556}") = "Task1", "Task1\Task1.csproj", "{E1F73965-1BB8-4DE7-8F43-E1AF5BAC732A}"
EndProject
Project("{FAE04EC0-301F-11D3-BF4B-00C04F79EFBC}") = "Task2", "Task2\Task2.csproj", "{914F0DB0-AC58-458E-844D-15DD0619BC9E}"
EndProject
Global
	GlobalSection(SolutionConfigurationPlatforms) = preSolution
		Debug|Any CPU = Debug|Any CPU
		Release|Any CPU = Release|Any CPU
	EndGlobalSection
	GlobalSection(ProjectConfigurationPlatforms) = postSolution
		{E1F73965-1BB8-4DE7-8F43-E1AF5BAC732A}.Debug|Any CPU.ActiveCfg = Debug|Any CPU
		{E1F73965-1BB8-4DE7-8F43-E1AF5BAC732A}.Debug|Any CPU.Build.0 = Debug|Any CPU
		{E1F73965-1BB8-4DE7-8F43-E1AF5BAC732A}.Release|Any CPU.ActiveCfg = Release|Any CPU
		{E1F73965-1BB8-4DE7-8F43-E1AF5BAC732A}.Release|Any CPU.Build.0 = Release|Any CPU
		{914F0DB0-AC58-458E-844D-15DD0619BC9E}.Debug|Any CPU.ActiveCfg = Debug|Any CPU
		{914F0DB0-AC58-458E-844D-15DD0619BC9E}.Debug|Any CPU.Build.0 = Debug|Any CPU
		{914F0DB0-AC58-458E-844D-15DD0619BC9E}.Release|Any CPU.ActiveCfg = Release|Any CPU
		{914F0DB0-AC58-458E-844D-15DD0619BC9E}.Release|Any CPU.Build.0 = Release|Any CPU
	EndGlobalSection
	GlobalSection(SolutionProperties) = preSolution
		HideSolutionNode = FALSE
	EndGlobalSection
	GlobalSection(ExtensibilityGlobals) = postSolution
		SolutionGuid = {B30F2DB0-6ECD-4288-8039-403F6C24A348}
	EndGlobalSection
EndGlobal
